
Microsoft Visual Studio Solution File, Format Version 12.00
# Visual Studio Version 17
VisualStudioVersion = 17.5.33627.172
MinimumVisualStudioVersion = 10.0.40219.1
Project("{FAE04EC0-301F-11D3-BF4B-00C04F79EFBC}") = "Demo.PL", "Demo.PL\Demo.PL.csproj", "{6EC4E0BB-9DF3-454E-8807-E6E861D25E13}"
EndProject
Project("{FAE04EC0-301F-11D3-BF4B-00C04F79EFBC}") = "Demo.DAL", "Demo.DAL\Demo.DAL.csproj", "{C709DE9F-BF67-461C-A851-0A44C0F729C2}"
EndProject
Project("{FAE04EC0-301F-11D3-BF4B-00C04F79EFBC}") = "BLL", "BLL\BLL.csproj", "{578AA7A2-5FAC-441B-9B1B-018DF1D541D7}"
EndProject
Global
	GlobalSection(SolutionConfigurationPlatforms) = preSolution
		Debug|Any CPU = Debug|Any CPU
		Release|Any CPU = Release|Any CPU
	EndGlobalSection
	GlobalSection(ProjectConfigurationPlatforms) = postSolution
		{6EC4E0BB-9DF3-454E-8807-E6E861D25E13}.Debug|Any CPU.ActiveCfg = Debug|Any CPU
		{6EC4E0BB-9DF3-454E-8807-E6E861D25E13}.Debug|Any CPU.Build.0 = Debug|Any CPU
		{6EC4E0BB-9DF3-454E-8807-E6E861D25E13}.Release|Any CPU.ActiveCfg = Release|Any CPU
		{6EC4E0BB-9DF3-454E-8807-E6E861D25E13}.Release|Any CPU.Build.0 = Release|Any CPU
		{C709DE9F-BF67-461C-A851-0A44C0F729C2}.Debug|Any CPU.ActiveCfg = Debug|Any CPU
		{C709DE9F-BF67-461C-A851-0A44C0F729C2}.Debug|Any CPU.Build.0 = Debug|Any CPU
		{C709DE9F-BF67-461C-A851-0A44C0F729C2}.Release|Any CPU.ActiveCfg = Release|Any CPU
		{C709DE9F-BF67-461C-A851-0A44C0F729C2}.Release|Any CPU.Build.0 = Release|Any CPU
		{578AA7A2-5FAC-441B-9B1B-018DF1D541D7}.Debug|Any CPU.ActiveCfg = Debug|Any CPU
		{578AA7A2-5FAC-441B-9B1B-018DF1D541D7}.Debug|Any CPU.Build.0 = Debug|Any CPU
		{578AA7A2-5FAC-441B-9B1B-018DF1D541D7}.Release|Any CPU.ActiveCfg = Release|Any CPU
		{578AA7A2-5FAC-441B-9B1B-018DF1D541D7}.Release|Any CPU.Build.0 = Release|Any CPU
	EndGlobalSection
	GlobalSection(SolutionProperties) = preSolution
		HideSolutionNode = FALSE
	EndGlobalSection
	GlobalSection(ExtensibilityGlobals) = postSolution
		SolutionGuid = {63879092-563D-4D76-81B7-B7720DE690A4}
	EndGlobalSection
EndGlobal
